PODS:
  - Alamofire (5.2.1)
  - OpenSSL-Apple (1.1.1g.6)
  - SwiftyBeaver (1.9.1)
  - SwiftyStoreKit (0.15.0)
  - TunnelKit (2.2.7):
    - TunnelKit/Protocols/OpenVPN (= 2.2.7)
  - TunnelKit/AppExtension (2.2.7):
    - SwiftyBeaver
    - TunnelKit/Core
  - TunnelKit/Core (2.2.7):
    - SwiftyBeaver
  - TunnelKit/Protocols/OpenVPN (2.2.7):
    - OpenSSL-Apple (~> 1.1.1g.6)
    - TunnelKit/AppExtension
    - TunnelKit/Core

DEPENDENCIES:
  - Alamofire
  - SwiftyStoreKit
  - TunnelKit

SPEC REPOS:
  trunk:
    - Alamofire
    - OpenSSL-Apple
    - SwiftyBeaver
    - SwiftyStoreKit
    - TunnelKit

SPEC CHECKSUMS:
  Alamofire: e911732990610fe89af59ac0077f923d72dc3dfd
  OpenSSL-Apple: c9c1b9c5b2b1fc4e1758fc5f0836b58ae7fd8183
  SwiftyBeaver: a1f5691458561414bcfab51874b2b7445451602b
  SwiftyStoreKit: 033d06b6f87955405d3f844a18a7687c2438592a
  TunnelKit: cbd063b8b6f4f6a182cf48e646ff35cb2365bf91

PODFILE CHECKSUM: 4e7217f04330c450145971aa10b85819e4c24c86

COCOAPODS: 1.8.4
